// !$*UTF8*$!
{
	archiveVersion = 1;
	classes = {
	};
	objectVersion = 56;
	objects = {

/* Begin PBXBuildFile section */
		238D59392C34ADE700E87DBF /* AppDelegate.swift in Sources */ = {isa = PBXBuildFile; fileRef = 238D59382C34ADE700E87DBF /* AppDelegate.swift */; };
		238D593B2C34ADE700E87DBF /* SceneDelegate.swift in Sources */ = {isa = PBXBuildFile; fileRef = 238D593A2C34ADE700E87DBF /* SceneDelegate.swift */; };
		238D59402C34ADE700E87DBF /* Base in Resources */ = {isa = PBXBuildFile; fileRef = 238D593F2C34ADE700E87DBF /* Base */; };
		238D59422C34ADE800E87DBF /* Assets.xcassets in Resources */ = {isa = PBXBuildFile; fileRef = 238D59412C34ADE800E87DBF /* Assets.xcassets */; };
		238D59452C34ADE800E87DBF /* Base in Resources */ = {isa = PBXBuildFile; fileRef = 238D59442C34ADE800E87DBF /* Base */; };
		23BB9F6A2C3D53EC0008DD70 /* GmarketSansTTFLight.ttf in Resources */ = {isa = PBXBuildFile; fileRef = 23BB9F672C3D53EC0008DD70 /* GmarketSansTTFLight.ttf */; };
		23BB9F6B2C3D53EC0008DD70 /* GmarketSansTTFMedium.ttf in Resources */ = {isa = PBXBuildFile; fileRef = 23BB9F682C3D53EC0008DD70 /* GmarketSansTTFMedium.ttf */; };
		23BB9F6C2C3D53EC0008DD70 /* GmarketSansTTFBold.ttf in Resources */ = {isa = PBXBuildFile; fileRef = 23BB9F692C3D53EC0008DD70 /* GmarketSansTTFBold.ttf */; };
		23BB9F6E2C3D54440008DD70 /* MainViewController.swift in Sources */ = {isa = PBXBuildFile; fileRef = 23BB9F6D2C3D54440008DD70 /* MainViewController.swift */; };
		23BB9F702C3D96B90008DD70 /* SideMenuViewController.swift in Sources */ = {isa = PBXBuildFile; fileRef = 23BB9F6F2C3D96B90008DD70 /* SideMenuViewController.swift */; };
		23BB9F742C3D9E350008DD70 /* CustomSideMenuNavigation.swift in Sources */ = {isa = PBXBuildFile; fileRef = 23BB9F732C3D9E350008DD70 /* CustomSideMenuNavigation.swift */; };
		23BB9F762C3DAF630008DD70 /* LoginViewController.swift in Sources */ = {isa = PBXBuildFile; fileRef = 23BB9F752C3DAF630008DD70 /* LoginViewController.swift */; };
		23BB9F782C3DAFB90008DD70 /* BagelFatOne-Regular.ttf in Resources */ = {isa = PBXBuildFile; fileRef = 23BB9F772C3DAFB90008DD70 /* BagelFatOne-Regular.ttf */; };
		23BB9F7A2C3E7EDA0008DD70 /* SignUpViewController.swift in Sources */ = {isa = PBXBuildFile; fileRef = 23BB9F792C3E7EDA0008DD70 /* SignUpViewController.swift */; };
		23FE16782C45541600A08A7B /* ListTableViewCell.xib in Resources */ = {isa = PBXBuildFile; fileRef = 23FE16772C45541600A08A7B /* ListTableViewCell.xib */; };
		23FE16792C45541600A08A7B /* ListTableViewCell.swift in Sources */ = {isa = PBXBuildFile; fileRef = 23FE16762C45541600A08A7B /* ListTableViewCell.swift */; };
		23FE167F2C456E5E00A08A7B /* ListData.swift in Sources */ = {isa = PBXBuildFile; fileRef = 23FE167E2C456E5E00A08A7B /* ListData.swift */; };
		23FE16812C46093200A08A7B /* ListDataRequest.swift in Sources */ = {isa = PBXBuildFile; fileRef = 23FE16802C46093200A08A7B /* ListDataRequest.swift */; };
		A586DFC2D16D7C72DFF01D8E /* Pods_MobileAppIOSVersion.framework in Frameworks */ = {isa = PBXBuildFile; fileRef = 67050FFAF7DD6B74C250ED7C /* Pods_MobileAppIOSVersion.framework */; };
/* End PBXBuildFile section */

/* Begin PBXFileReference section */
		238D59352C34ADE700E87DBF /* MobileAppIOSVersion.app */ = {isa = PBXFileReference; explicitFileType = wrapper.application; includeInIndex = 0; path = MobileAppIOSVersion.app; sourceTree = BUILT_PRODUCTS_DIR; };
		238D59382C34ADE700E87DBF /* AppDelegate.swift */ = {isa = PBXFileReference; lastKnownFileType = sourcecode.swift; path = AppDelegate.swift; sourceTree = "<group>"; };
		238D593A2C34ADE700E87DBF /* SceneDelegate.swift */ = {isa = PBXFileReference; lastKnownFileType = sourcecode.swift; path = SceneDelegate.swift; sourceTree = "<group>"; };
		238D593F2C34ADE700E87DBF /* Base */ = {isa = PBXFileReference; lastKnownFileType = file.storyboard; name = Base; path = Base.lproj/Main.storyboard; sourceTree = "<group>"; };
		238D59412C34ADE800E87DBF /* Assets.xcassets */ = {isa = PBXFileReference; lastKnownFileType = folder.assetcatalog; path = Assets.xcassets; sourceTree = "<group>"; };
		238D59442C34ADE800E87DBF /* Base */ = {isa = PBXFileReference; lastKnownFileType = file.storyboard; name = Base; path = Base.lproj/LaunchScreen.storyboard; sourceTree = "<group>"; };
		238D59462C34ADE800E87DBF /* Info.plist */ = {isa = PBXFileReference; lastKnownFileType = text.plist.xml; path = Info.plist; sourceTree = "<group>"; };
		23BB9F672C3D53EC0008DD70 /* GmarketSansTTFLight.ttf */ = {isa = PBXFileReference; lastKnownFileType = file; path = GmarketSansTTFLight.ttf; sourceTree = "<group>"; };
		23BB9F682C3D53EC0008DD70 /* GmarketSansTTFMedium.ttf */ = {isa = PBXFileReference; lastKnownFileType = file; path = GmarketSansTTFMedium.ttf; sourceTree = "<group>"; };
		23BB9F692C3D53EC0008DD70 /* GmarketSansTTFBold.ttf */ = {isa = PBXFileReference; lastKnownFileType = file; path = GmarketSansTTFBold.ttf; sourceTree = "<group>"; };
		23BB9F6D2C3D54440008DD70 /* MainViewController.swift */ = {isa = PBXFileReference; lastKnownFileType = sourcecode.swift; path = MainViewController.swift; sourceTree = "<group>"; };
		23BB9F6F2C3D96B90008DD70 /* SideMenuViewController.swift */ = {isa = PBXFileReference; lastKnownFileType = sourcecode.swift; path = SideMenuViewController.swift; sourceTree = "<group>"; };
		23BB9F732C3D9E350008DD70 /* CustomSideMenuNavigation.swift */ = {isa = PBXFileReference; lastKnownFileType = sourcecode.swift; path = CustomSideMenuNavigation.swift; sourceTree = "<group>"; };
		23BB9F752C3DAF630008DD70 /* LoginViewController.swift */ = {isa = PBXFileReference; lastKnownFileType = sourcecode.swift; path = LoginViewController.swift; sourceTree = "<group>"; };
		23BB9F772C3DAFB90008DD70 /* BagelFatOne-Regular.ttf */ = {isa = PBXFileReference; lastKnownFileType = file; path = "BagelFatOne-Regular.ttf"; sourceTree = "<group>"; };
		23BB9F792C3E7EDA0008DD70 /* SignUpViewController.swift */ = {isa = PBXFileReference; lastKnownFileType = sourcecode.swift; path = SignUpViewController.swift; sourceTree = "<group>"; };
		23FE16762C45541600A08A7B /* ListTableViewCell.swift */ = {isa = PBXFileReference; lastKnownFileType = sourcecode.swift; path = ListTableViewCell.swift; sourceTree = "<group>"; };
		23FE16772C45541600A08A7B /* ListTableViewCell.xib */ = {isa = PBXFileReference; lastKnownFileType = file.xib; path = ListTableViewCell.xib; sourceTree = "<group>"; };
		23FE167E2C456E5E00A08A7B /* ListData.swift */ = {isa = PBXFileReference; lastKnownFileType = sourcecode.swift; path = ListData.swift; sourceTree = "<group>"; };
		23FE16802C46093200A08A7B /* ListDataRequest.swift */ = {isa = PBXFileReference; lastKnownFileType = sourcecode.swift; path = ListDataRequest.swift; sourceTree = "<group>"; };
		67050FFAF7DD6B74C250ED7C /* Pods_MobileAppIOSVersion.framework */ = {isa = PBXFileReference; explicitFileType = wrapper.framework; includeInIndex = 0; path = Pods_MobileAppIOSVersion.framework; sourceTree = BUILT_PRODUCTS_DIR; };
		935A91014A238BE0B08287E2 /* Pods-MobileAppIOSVersion.debug.xcconfig */ = {isa = PBXFileReference; includeInIndex = 1; lastKnownFileType = text.xcconfig; name = "Pods-MobileAppIOSVersion.debug.xcconfig"; path = "Target Support Files/Pods-MobileAppIOSVersion/Pods-MobileAppIOSVersion.debug.xcconfig"; sourceTree = "<group>"; };
		E3AA2B42FE06452478D06711 /* Pods-MobileAppIOSVersion.release.xcconfig */ = {isa = PBXFileReference; includeInIndex = 1; lastKnownFileType = text.xcconfig; name = "Pods-MobileAppIOSVersion.release.xcconfig"; path = "Target Support Files/Pods-MobileAppIOSVersion/Pods-MobileAppIOSVersion.release.xcconfig"; sourceTree = "<group>"; };
/* End PBXFileReference section */

/* Begin PBXFrameworksBuildPhase section */
		238D59322C34ADE700E87DBF /* Frameworks */ = {
			isa = PBXFrameworksBuildPhase;
			buildActionMask = 2147483647;
			files = (
				A586DFC2D16D7C72DFF01D8E /* Pods_MobileAppIOSVersion.framework in Frameworks */,
			);
			runOnlyForDeploymentPostprocessing = 0;
		};
/* End PBXFrameworksBuildPhase section */

/* Begin PBXGroup section */
		238D592C2C34ADE700E87DBF = {
			isa = PBXGroup;
			children = (
				238D59372C34ADE700E87DBF /* MobileAppIOSVersion */,
				238D59362C34ADE700E87DBF /* Products */,
				2A2D4CFE1C0FB0206D233DBF /* Pods */,
				4DC2ACA7A72E7F44A2AA8FD9 /* Frameworks */,
			);
			sourceTree = "<group>";
		};
		238D59362C34ADE700E87DBF /* Products */ = {
			isa = PBXGroup;
			children = (
				238D59352C34ADE700E87DBF /* MobileAppIOSVersion.app */,
			);
			name = Products;
			sourceTree = "<group>";
		};
		238D59372C34ADE700E87DBF /* MobileAppIOSVersion */ = {
			isa = PBXGroup;
			children = (
				23BB9F662C3D53DE0008DD70 /* Font */,
				238D59382C34ADE700E87DBF /* AppDelegate.swift */,
				238D593A2C34ADE700E87DBF /* SceneDelegate.swift */,
				238D593E2C34ADE700E87DBF /* Main.storyboard */,
				23FE167A2C45543A00A08A7B /* TableView */,
				23FE167C2C45545E00A08A7B /* Main */,
				23FE167B2C45545500A08A7B /* Login */,
				23FE167D2C456E3200A08A7B /* Data */,
				238D59432C34ADE800E87DBF /* LaunchScreen.storyboard */,
				238D59412C34ADE800E87DBF /* Assets.xcassets */,
				238D59462C34ADE800E87DBF /* Info.plist */,
			);
			path = MobileAppIOSVersion;
			sourceTree = "<group>";
		};
		23BB9F662C3D53DE0008DD70 /* Font */ = {
			isa = PBXGroup;
			children = (
				23BB9F692C3D53EC0008DD70 /* GmarketSansTTFBold.ttf */,
				23BB9F672C3D53EC0008DD70 /* GmarketSansTTFLight.ttf */,
				23BB9F682C3D53EC0008DD70 /* GmarketSansTTFMedium.ttf */,
				23BB9F772C3DAFB90008DD70 /* BagelFatOne-Regular.ttf */,
			);
			path = Font;
			sourceTree = "<group>";
		};
		23FE167A2C45543A00A08A7B /* TableView */ = {
			isa = PBXGroup;
			children = (
				23FE16762C45541600A08A7B /* ListTableViewCell.swift */,
				23FE16772C45541600A08A7B /* ListTableViewCell.xib */,
			);
			path = TableView;
			sourceTree = "<group>";
		};
		23FE167B2C45545500A08A7B /* Login */ = {
			isa = PBXGroup;
			children = (
				23BB9F752C3DAF630008DD70 /* LoginViewController.swift */,
				23BB9F792C3E7EDA0008DD70 /* SignUpViewController.swift */,
			);
			path = Login;
			sourceTree = "<group>";
		};
		23FE167C2C45545E00A08A7B /* Main */ = {
			isa = PBXGroup;
			children = (
				23BB9F6D2C3D54440008DD70 /* MainViewController.swift */,
				23BB9F6F2C3D96B90008DD70 /* SideMenuViewController.swift */,
				23BB9F732C3D9E350008DD70 /* CustomSideMenuNavigation.swift */,
			);
			path = Main;
			sourceTree = "<group>";
		};
		23FE167D2C456E3200A08A7B /* Data */ = {
			isa = PBXGroup;
			children = (
				23FE167E2C456E5E00A08A7B /* ListData.swift */,
				23FE16802C46093200A08A7B /* ListDataRequest.swift */,
			);
			path = Data;
			sourceTree = "<group>";
		};
		2A2D4CFE1C0FB0206D233DBF /* Pods */ = {
			isa = PBXGroup;
			children = (
				935A91014A238BE0B08287E2 /* Pods-MobileAppIOSVersion.debug.xcconfig */,
				E3AA2B42FE06452478D06711 /* Pods-MobileAppIOSVersion.release.xcconfig */,
			);
			path = Pods;
			sourceTree = "<group>";
		};
		4DC2ACA7A72E7F44A2AA8FD9 /* Frameworks */ = {
			isa = PBXGroup;
			children = (
				67050FFAF7DD6B74C250ED7C /* Pods_MobileAppIOSVersion.framework */,
			);
			name = Frameworks;
			sourceTree = "<group>";
		};
/* End PBXGroup section */

/* Begin PBXNativeTarget section */
		238D59342C34ADE700E87DBF /* MobileAppIOSVersion */ = {
			isa = PBXNativeTarget;
			buildConfigurationList = 238D59492C34ADE800E87DBF /* Build configuration list for PBXNativeTarget "MobileAppIOSVersion" */;
			buildPhases = (
				D30106C7621B81300716970A /* [CP] Check Pods Manifest.lock */,
				238D59312C34ADE700E87DBF /* Sources */,
				238D59322C34ADE700E87DBF /* Frameworks */,
				238D59332C34ADE700E87DBF /* Resources */,
				3286984BB72B7B2B2E734E31 /* [CP] Embed Pods Frameworks */,
			);
			buildRules = (
			);
			dependencies = (
			);
			name = MobileAppIOSVersion;
			productName = MobileAppIOSVersion;
			productReference = 238D59352C34ADE700E87DBF /* MobileAppIOSVersion.app */;
			productType = "com.apple.product-type.application";
		};
/* End PBXNativeTarget section */

/* Begin PBXProject section */
		238D592D2C34ADE700E87DBF /* Project object */ = {
			isa = PBXProject;
			attributes = {
				BuildIndependentTargetsInParallel = 1;
				LastSwiftUpdateCheck = 1540;
				LastUpgradeCheck = 1540;
				TargetAttributes = {
					238D59342C34ADE700E87DBF = {
						CreatedOnToolsVersion = 15.4;
					};
				};
			};
			buildConfigurationList = 238D59302C34ADE700E87DBF /* Build configuration list for PBXProject "MobileAppIOSVersion" */;
			compatibilityVersion = "Xcode 14.0";
			developmentRegion = en;
			hasScannedForEncodings = 0;
			knownRegions = (
				en,
				Base,
			);
			mainGroup = 238D592C2C34ADE700E87DBF;
			productRefGroup = 238D59362C34ADE700E87DBF /* Products */;
			projectDirPath = "";
			projectRoot = "";
			targets = (
				238D59342C34ADE700E87DBF /* MobileAppIOSVersion */,
			);
		};
/* End PBXProject section */

/* Begin PBXResourcesBuildPhase section */
		238D59332C34ADE700E87DBF /* Resources */ = {
			isa = PBXResourcesBuildPhase;
			buildActionMask = 2147483647;
			files = (
				238D59422C34ADE800E87DBF /* Assets.xcassets in Resources */,
				23BB9F6A2C3D53EC0008DD70 /* GmarketSansTTFLight.ttf in Resources */,
				238D59452C34ADE800E87DBF /* Base in Resources */,
				238D59402C34ADE700E87DBF /* Base in Resources */,
				23BB9F6B2C3D53EC0008DD70 /* GmarketSansTTFMedium.ttf in Resources */,
				23FE16782C45541600A08A7B /* ListTableViewCell.xib in Resources */,
				23BB9F782C3DAFB90008DD70 /* BagelFatOne-Regular.ttf in Resources */,
				23BB9F6C2C3D53EC0008DD70 /* GmarketSansTTFBold.ttf in Resources */,
			);
			runOnlyForDeploymentPostprocessing = 0;
		};
/* End PBXResourcesBuildPhase section */

/* Begin PBXShellScriptBuildPhase section */
		3286984BB72B7B2B2E734E31 /* [CP] Embed Pods Frameworks */ = {
			isa = PBXShellScriptBuildPhase;
			buildActionMask = 2147483647;
			files = (
			);
			inputFileListPaths = (
				"${PODS_ROOT}/Target Support Files/Pods-MobileAppIOSVersion/Pods-MobileAppIOSVersion-frameworks-${CONFIGURATION}-input-files.xcfilelist",
			);
			name = "[CP] Embed Pods Frameworks";
			outputFileListPaths = (
				"${PODS_ROOT}/Target Support Files/Pods-MobileAppIOSVersion/Pods-MobileAppIOSVersion-frameworks-${CONFIGURATION}-output-files.xcfilelist",
			);
			runOnlyForDeploymentPostprocessing = 0;
			shellPath = /bin/sh;
			shellScript = "\"${PODS_ROOT}/Target Support Files/Pods-MobileAppIOSVersion/Pods-MobileAppIOSVersion-frameworks.sh\"\n";
			showEnvVarsInLog = 0;
		};
		D30106C7621B81300716970A /* [CP] Check Pods Manifest.lock */ = {
			isa = PBXShellScriptBuildPhase;
			buildActionMask = 2147483647;
			files = (
			);
			inputFileListPaths = (
			);
			inputPaths = (
				"${PODS_PODFILE_DIR_PATH}/Podfile.lock",
				"${PODS_ROOT}/Manifest.lock",
			);
			name = "[CP] Check Pods Manifest.lock";
			outputFileListPaths = (
			);
			outputPaths = (
				"$(DERIVED_FILE_DIR)/Pods-MobileAppIOSVersion-checkManifestLockResult.txt",
			);
			runOnlyForDeploymentPostprocessing = 0;
			shellPath = /bin/sh;
			shellScript = "diff \"${PODS_PODFILE_DIR_PATH}/Podfile.lock\" \"${PODS_ROOT}/Manifest.lock\" > /dev/null\nif [ $? != 0 ] ; then\n    # print error to STDERR\n    echo \"error: The sandbox is not in sync with the Podfile.lock. Run 'pod install' or update your CocoaPods installation.\" >&2\n    exit 1\nfi\n# This output is used by Xcode 'outputs' to avoid re-running this script phase.\necho \"SUCCESS\" > \"${SCRIPT_OUTPUT_FILE_0}\"\n";
			showEnvVarsInLog = 0;
		};
/* End PBXShellScriptBuildPhase section */

/* Begin PBXSourcesBuildPhase section */
		238D59312C34ADE700E87DBF /* Sources */ = {
			isa = PBXSourcesBuildPhase;
			buildActionMask = 2147483647;
			files = (
				23BB9F762C3DAF630008DD70 /* LoginViewController.swift in Sources */,
				23FE16792C45541600A08A7B /* ListTableViewCell.swift in Sources */,
				23FE167F2C456E5E00A08A7B /* ListData.swift in Sources */,
				23FE16812C46093200A08A7B /* ListDataRequest.swift in Sources */,
				23BB9F7A2C3E7EDA0008DD70 /* SignUpViewController.swift in Sources */,
				23BB9F702C3D96B90008DD70 /* SideMenuViewController.swift in Sources */,
				23BB9F6E2C3D54440008DD70 /* MainViewController.swift in Sources */,
				23BB9F742C3D9E350008DD70 /* CustomSideMenuNavigation.swift in Sources */,
				238D59392C34ADE700E87DBF /* AppDelegate.swift in Sources */,
				238D593B2C34ADE700E87DBF /* SceneDelegate.swift in Sources */,
			);
			runOnlyForDeploymentPostprocessing = 0;
		};
/* End PBXSourcesBuildPhase section */

/* Begin PBXVariantGroup section */
		238D593E2C34ADE700E87DBF /* Main.storyboard */ = {
			isa = PBXVariantGroup;
			children = (
				238D593F2C34ADE700E87DBF /* Base */,
			);
			name = Main.storyboard;
			sourceTree = "<group>";
		};
		238D59432C34ADE800E87DBF /* LaunchScreen.storyboard */ = {
			isa = PBXVariantGroup;
			children = (
				238D59442C34ADE800E87DBF /* Base */,
			);
			name = LaunchScreen.storyboard;
			sourceTree = "<group>";
		};
/* End PBXVariantGroup section */

/* Begin XCBuildConfiguration section */
		238D59472C34ADE800E87DBF /* Debug */ = {
			isa = XCBuildConfiguration;
			buildSettings = {
				ALWAYS_SEARCH_USER_PATHS = NO;
				ASSETCATALOG_COMPILER_GENERATE_SWIFT_ASSET_SYMBOL_EXTENSIONS = YES;
				CLANG_ANALYZER_NONNULL = YES;
				CLANG_ANALYZER_NUMBER_OBJECT_CONVERSION = YES_AGGRESSIVE;
				CLANG_CXX_LANGUAGE_STANDARD = "gnu++20";
				CLANG_ENABLE_MODULES = YES;
				CLANG_ENABLE_OBJC_ARC = YES;
				CLANG_ENABLE_OBJC_WEAK = YES;
				CLANG_WARN_BLOCK_CAPTURE_AUTORELEASING = YES;
				CLANG_WARN_BOOL_CONVERSION = YES;
				CLANG_WARN_COMMA = YES;
				CLANG_WARN_CONSTANT_CONVERSION = YES;
				CLANG_WARN_DEPRECATED_OBJC_IMPLEMENTATIONS = YES;
				CLANG_WARN_DIRECT_OBJC_ISA_USAGE = YES_ERROR;
				CLANG_WARN_DOCUMENTATION_COMMENTS = YES;
				CLANG_WARN_EMPTY_BODY = YES;
				CLANG_WARN_ENUM_CONVERSION = YES;
				CLANG_WARN_INFINITE_RECURSION = YES;
				CLANG_WARN_INT_CONVERSION = YES;
				CLANG_WARN_NON_LITERAL_NULL_CONVERSION = YES;
				CLANG_WARN_OBJC_IMPLICIT_RETAIN_SELF = YES;
				CLANG_WARN_OBJC_LITERAL_CONVERSION = YES;
				CLANG_WARN_OBJC_ROOT_CLASS = YES_ERROR;
				CLANG_WARN_QUOTED_INCLUDE_IN_FRAMEWORK_HEADER = YES;
				CLANG_WARN_RANGE_LOOP_ANALYSIS = YES;
				CLANG_WARN_STRICT_PROTOTYPES = YES;
				CLANG_WARN_SUSPICIOUS_MOVE = YES;
				CLANG_WARN_UNGUARDED_AVAILABILITY = YES_AGGRESSIVE;
				CLANG_WARN_UNREACHABLE_CODE = YES;
				CLANG_WARN__DUPLICATE_METHOD_MATCH = YES;
				COPY_PHASE_STRIP = NO;
				DEBUG_INFORMATION_FORMAT = dwarf;
				ENABLE_STRICT_OBJC_MSGSEND = YES;
				ENABLE_TESTABILITY = YES;
				ENABLE_USER_SCRIPT_SANDBOXING = NO;
				GCC_C_LANGUAGE_STANDARD = gnu17;
				GCC_DYNAMIC_NO_PIC = NO;
				GCC_NO_COMMON_BLOCKS = YES;
				GCC_OPTIMIZATION_LEVEL = 0;
				GCC_PREPROCESSOR_DEFINITIONS = (
					"DEBUG=1",
					"$(inherited)",
				);
				GCC_WARN_64_TO_32_BIT_CONVERSION = YES;
				GCC_WARN_ABOUT_RETURN_TYPE = YES_ERROR;
				GCC_WARN_UNDECLARED_SELECTOR = YES;
				GCC_WARN_UNINITIALIZED_AUTOS = YES_AGGRESSIVE;
				GCC_WARN_UNUSED_FUNCTION = YES;
				GCC_WARN_UNUSED_VARIABLE = YES;
				IPHONEOS_DEPLOYMENT_TARGET = 17.5;
				LOCALIZATION_PREFERS_STRING_CATALOGS = YES;
				MTL_ENABLE_DEBUG_INFO = INCLUDE_SOURCE;
				MTL_FAST_MATH = YES;
				ONLY_ACTIVE_ARCH = YES;
				SDKROOT = iphoneos;
				SWIFT_ACTIVE_COMPILATION_CONDITIONS = "DEBUG $(inherited)";
				SWIFT_OPTIMIZATION_LEVEL = "-Onone";
			};
			name = Debug;
		};
		238D59482C34ADE800E87DBF /* Release */ = {
			isa = XCBuildConfiguration;
			buildSettings = {
				ALWAYS_SEARCH_USER_PATHS = NO;
				ASSETCATALOG_COMPILER_GENERATE_SWIFT_ASSET_SYMBOL_EXTENSIONS = YES;
				CLANG_ANALYZER_NONNULL = YES;
				CLANG_ANALYZER_NUMBER_OBJECT_CONVERSION = YES_AGGRESSIVE;
				CLANG_CXX_LANGUAGE_STANDARD = "gnu++20";
				CLANG_ENABLE_MODULES = YES;
				CLANG_ENABLE_OBJC_ARC = YES;
				CLANG_ENABLE_OBJC_WEAK = YES;
				CLANG_WARN_BLOCK_CAPTURE_AUTORELEASING = YES;
				CLANG_WARN_BOOL_CONVERSION = YES;
				CLANG_WARN_COMMA = YES;
				CLANG_WARN_CONSTANT_CONVERSION = YES;
				CLANG_WARN_DEPRECATED_OBJC_IMPLEMENTATIONS = YES;
				CLANG_WARN_DIRECT_OBJC_ISA_USAGE = YES_ERROR;
				CLANG_WARN_DOCUMENTATION_COMMENTS = YES;
				CLANG_WARN_EMPTY_BODY = YES;
				CLANG_WARN_ENUM_CONVERSION = YES;
				CLANG_WARN_INFINITE_RECURSION = YES;
				CLANG_WARN_INT_CONVERSION = YES;
				CLANG_WARN_NON_LITERAL_NULL_CONVERSION = YES;
				CLANG_WARN_OBJC_IMPLICIT_RETAIN_SELF = YES;
				CLANG_WARN_OBJC_LITERAL_CONVERSION = YES;
				CLANG_WARN_OBJC_ROOT_CLASS = YES_ERROR;
				CLANG_WARN_QUOTED_INCLUDE_IN_FRAMEWORK_HEADER = YES;
				CLANG_WARN_RANGE_LOOP_ANALYSIS = YES;
				CLANG_WARN_STRICT_PROTOTYPES = YES;
				CLANG_WARN_SUSPICIOUS_MOVE = YES;
				CLANG_WARN_UNGUARDED_AVAILABILITY = YES_AGGRESSIVE;
				CLANG_WARN_UNREACHABLE_CODE = YES;
				CLANG_WARN__DUPLICATE_METHOD_MATCH = YES;
				COPY_PHASE_STRIP = NO;
				DEBUG_INFORMATION_FORMAT = "dwarf-with-dsym";
				ENABLE_NS_ASSERTIONS = NO;
				ENABLE_STRICT_OBJC_MSGSEND = YES;
				ENABLE_USER_SCRIPT_SANDBOXING = NO;
				GCC_C_LANGUAGE_STANDARD = gnu17;
				GCC_NO_COMMON_BLOCKS = YES;
				GCC_WARN_64_TO_32_BIT_CONVERSION = YES;
				GCC_WARN_ABOUT_RETURN_TYPE = YES_ERROR;
				GCC_WARN_UNDECLARED_SELECTOR = YES;
				GCC_WARN_UNINITIALIZED_AUTOS = YES_AGGRESSIVE;
				GCC_WARN_UNUSED_FUNCTION = YES;
				GCC_WARN_UNUSED_VARIABLE = YES;
				IPHONEOS_DEPLOYMENT_TARGET = 17.5;
				LOCALIZATION_PREFERS_STRING_CATALOGS = YES;
				MTL_ENABLE_DEBUG_INFO = NO;
				MTL_FAST_MATH = YES;
				SDKROOT = iphoneos;
				SWIFT_COMPILATION_MODE = wholemodule;
				VALIDATE_PRODUCT = YES;
			};
			name = Release;
		};
		238D594A2C34ADE800E87DBF /* Debug */ = {
			isa = XCBuildConfiguration;
			baseConfigurationReference = 935A91014A238BE0B08287E2 /* Pods-MobileAppIOSVersion.debug.xcconfig */;
			buildSettings = {
				ASSETCATALOG_COMPILER_APPICON_NAME = AppIcon;
				ASSETCATALOG_COMPILER_GLOBAL_ACCENT_COLOR_NAME = AccentColor;
				CODE_SIGN_STYLE = Automatic;
				CURRENT_PROJECT_VERSION = 1;
				GENERATE_INFOPLIST_FILE = YES;
				INFOPLIST_FILE = MobileAppIOSVersion/Info.plist;
				INFOPLIST_KEY_UIApplicationSupportsIndirectInputEvents = YES;
				INFOPLIST_KEY_UILaunchStoryboardName = LaunchScreen;
				INFOPLIST_KEY_UIMainStoryboardFile = Main;
				INFOPLIST_KEY_UIStatusBarStyle = UIStatusBarStyleLightContent;
				INFOPLIST_KEY_UISupportedInterfaceOrientations_iPad = "UIInterfaceOrientationPortrait UIInterfaceOrientationPortraitUpsideDown UIInterfaceOrientationLandscapeLeft UIInterfaceOrientationLandscapeRight";
				INFOPLIST_KEY_UISupportedInterfaceOrientations_iPhone = "UIInterfaceOrientationPortrait UIInterfaceOrientationLandscapeLeft UIInterfaceOrientationLandscapeRight";
				LD_RUNPATH_SEARCH_PATHS = (
					"$(inherited)",
					"@executable_path/Frameworks",
				);
				MARKETING_VERSION = 1.0;
				PRODUCT_BUNDLE_IDENTIFIER = iOSStudy.MobileAppIOSVersion;
				PRODUCT_NAME = "$(TARGET_NAME)";
				SWIFT_EMIT_LOC_STRINGS = YES;
				SWIFT_VERSION = 5.0;
				TARGETED_DEVICE_FAMILY = "1,2";
			};
			name = Debug;
		};
		238D594B2C34ADE800E87DBF /* Release */ = {
			isa = XCBuildConfiguration;
			baseConfigurationReference = E3AA2B42FE06452478D06711 /* Pods-MobileAppIOSVersion.release.xcconfig */;
			buildSettings = {
				ASSETCATALOG_COMPILER_APPICON_NAME = AppIcon;
				ASSETCATALOG_COMPILER_GLOBAL_ACCENT_COLOR_NAME = AccentColor;
				CODE_SIGN_STYLE = Automatic;
				CURRENT_PROJECT_VERSION = 1;
				GENERATE_INFOPLIST_FILE = YES;
				INFOPLIST_FILE = MobileAppIOSVersion/Info.plist;
				INFOPLIST_KEY_UIApplicationSupportsIndirectInputEvents = YES;
				INFOPLIST_KEY_UILaunchStoryboardName = LaunchScreen;
				INFOPLIST_KEY_UIMainStoryboardFile = Main;
				INFOPLIST_KEY_UIStatusBarStyle = UIStatusBarStyleLightContent;
				INFOPLIST_KEY_UISupportedInterfaceOrientations_iPad = "UIInterfaceOrientationPortrait UIInterfaceOrientationPortraitUpsideDown UIInterfaceOrientationLandscapeLeft UIInterfaceOrientationLandscapeRight";
				INFOPLIST_KEY_UISupportedInterfaceOrientations_iPhone = "UIInterfaceOrientationPortrait UIInterfaceOrientationLandscapeLeft UIInterfaceOrientationLandscapeRight";
				LD_RUNPATH_SEARCH_PATHS = (
					"$(inherited)",
					"@executable_path/Frameworks",
				);
				MARKETING_VERSION = 1.0;
				PRODUCT_BUNDLE_IDENTIFIER = iOSStudy.MobileAppIOSVersion;
				PRODUCT_NAME = "$(TARGET_NAME)";
				SWIFT_EMIT_LOC_STRINGS = YES;
				SWIFT_VERSION = 5.0;
				TARGETED_DEVICE_FAMILY = "1,2";
			};
			name = Release;
		};
/* End XCBuildConfiguration section */

/* Begin XCConfigurationList section */
		238D59302C34ADE700E87DBF /* Build configuration list for PBXProject "MobileAppIOSVersion" */ = {
			isa = XCConfigurationList;
			buildConfigurations = (
				238D59472C34ADE800E87DBF /* Debug */,
				238D59482C34ADE800E87DBF /* Release */,
			);
			defaultConfigurationIsVisible = 0;
			defaultConfigurationName = Release;
		};
		238D59492C34ADE800E87DBF /* Build configuration list for PBXNativeTarget "MobileAppIOSVersion" */ = {
			isa = XCConfigurationList;
			buildConfigurations = (
				238D594A2C34ADE800E87DBF /* Debug */,
				238D594B2C34ADE800E87DBF /* Release */,
			);
			defaultConfigurationIsVisible = 0;
			defaultConfigurationName = Release;
		};
/* End XCConfigurationList section */
	};
	rootObject = 238D592D2C34ADE700E87DBF /* Project object */;
}
